// !$*UTF8*$!
{
	archiveVersion = 1;
	classes = {
	};
	objectVersion = 55;
	objects = {

/* Begin PBXBuildFile section */
		24848DC509509023E91016CA /* Pods_Ruminders_RumindersUITests.framework in Frameworks */ = {isa = PBXBuildFile; fileRef = A6E988ABBEA188479425394F /* Pods_Ruminders_RumindersUITests.framework */; };
		35885CD20DD2CC45A84E3346 /* Pods_RumindersTests.framework in Frameworks */ = {isa = PBXBuildFile; fileRef = 25D1C8A7913D36BDCFE6950B /* Pods_RumindersTests.framework */; };
		772FEAC627215937006C1FE8 /* RumindersApp.swift in Sources */ = {isa = PBXBuildFile; fileRef = 772FEAC527215937006C1FE8 /* RumindersApp.swift */; };
		772FEACA27215939006C1FE8 /* Assets.xcassets in Resources */ = {isa = PBXBuildFile; fileRef = 772FEAC927215939006C1FE8 /* Assets.xcassets */; };
		772FEACD27215939006C1FE8 /* Preview Assets.xcassets in Resources */ = {isa = PBXBuildFile; fileRef = 772FEACC27215939006C1FE8 /* Preview Assets.xcassets */; };
		772FEACF27215939006C1FE8 /* Persistence.swift in Sources */ = {isa = PBXBuildFile; fileRef = 772FEACE27215939006C1FE8 /* Persistence.swift */; };
		772FEAD227215939006C1FE8 /* Ruminders.xcdatamodeld in Sources */ = {isa = PBXBuildFile; fileRef = 772FEAD027215939006C1FE8 /* Ruminders.xcdatamodeld */; };
		772FEADC27215939006C1FE8 /* RumindersTests.swift in Sources */ = {isa = PBXBuildFile; fileRef = 772FEADB27215939006C1FE8 /* RumindersTests.swift */; };
		772FEAE627215939006C1FE8 /* RumindersUITests.swift in Sources */ = {isa = PBXBuildFile; fileRef = 772FEAE527215939006C1FE8 /* RumindersUITests.swift */; };
		772FEAE827215939006C1FE8 /* RumindersUITestsLaunchTests.swift in Sources */ = {isa = PBXBuildFile; fileRef = 772FEAE727215939006C1FE8 /* RumindersUITestsLaunchTests.swift */; };
		7766C2AA2725B89400406714 /* General.swift in Sources */ = {isa = PBXBuildFile; fileRef = 7766C2A92725B89400406714 /* General.swift */; };
		77852D9627233D9500137E88 /* ListPropertiesState.swift in Sources */ = {isa = PBXBuildFile; fileRef = 77852D9527233D9500137E88 /* ListPropertiesState.swift */; };
		7796823827282A5400705B18 /* ListContext.swift in Sources */ = {isa = PBXBuildFile; fileRef = 7796823727282A5400705B18 /* ListContext.swift */; };
		7796823A27282A8000705B18 /* ListView.swift in Sources */ = {isa = PBXBuildFile; fileRef = 7796823927282A8000705B18 /* ListView.swift */; };
		7796823C27282AAA00705B18 /* ListRowViews.swift in Sources */ = {isa = PBXBuildFile; fileRef = 7796823B27282AAA00705B18 /* ListRowViews.swift */; };
		77B9DB2627561CA200690FF8 /* pencil.json in Resources */ = {isa = PBXBuildFile; fileRef = 77B9DB2527561CA200690FF8 /* pencil.json */; };
		77B9DB2827561DD500690FF8 /* Animation.swift in Sources */ = {isa = PBXBuildFile; fileRef = 77B9DB2727561DD500690FF8 /* Animation.swift */; };
		77B9DB2A27562B9E00690FF8 /* gridList.json in Resources */ = {isa = PBXBuildFile; fileRef = 77B9DB2927562B9E00690FF8 /* gridList.json */; };
		77B9DB2C27562FE000690FF8 /* List.swift in Sources */ = {isa = PBXBuildFile; fileRef = 77B9DB2B27562FE000690FF8 /* List.swift */; };
		77B9DB2E275631ED00690FF8 /* ListsViewModel.swift in Sources */ = {isa = PBXBuildFile; fileRef = 77B9DB2D275631ED00690FF8 /* ListsViewModel.swift */; };
		77B9DB312757BD9400690FF8 /* Task.swift in Sources */ = {isa = PBXBuildFile; fileRef = 77B9DB302757BD9400690FF8 /* Task.swift */; };
		77B9DB342757C63A00690FF8 /* SpeechRec.swift in Sources */ = {isa = PBXBuildFile; fileRef = 77B9DB332757C63A00690FF8 /* SpeechRec.swift */; };
		77D792222758F5F7007EFE61 /* Tasks+CoreDataClass.swift in Sources */ = {isa = PBXBuildFile; fileRef = 77D7921E2758F5F7007EFE61 /* Tasks+CoreDataClass.swift */; };
		77D792232758F5F7007EFE61 /* Tasks+CoreDataProperties.swift in Sources */ = {isa = PBXBuildFile; fileRef = 77D7921F2758F5F7007EFE61 /* Tasks+CoreDataProperties.swift */; };
		77D792242758F5F7007EFE61 /* ListSet+CoreDataClass.swift in Sources */ = {isa = PBXBuildFile; fileRef = 77D792202758F5F7007EFE61 /* ListSet+CoreDataClass.swift */; };
		77D792252758F5F7007EFE61 /* ListSet+CoreDataProperties.swift in Sources */ = {isa = PBXBuildFile; fileRef = 77D792212758F5F7007EFE61 /* ListSet+CoreDataProperties.swift */; };
		77D7922B275F6D0D007EFE61 /* TaskViewModel.swift in Sources */ = {isa = PBXBuildFile; fileRef = 77D7922A275F6D0D007EFE61 /* TaskViewModel.swift */; };
		77D7922D275F8562007EFE61 /* TaskRowView.swift in Sources */ = {isa = PBXBuildFile; fileRef = 77D7922C275F8562007EFE61 /* TaskRowView.swift */; };
		77D7922F27635D1E007EFE61 /* SearchBar.swift in Sources */ = {isa = PBXBuildFile; fileRef = 77D7922E27635D1E007EFE61 /* SearchBar.swift */; };
		77D7925027689866007EFE61 /* Category.swift in Sources */ = {isa = PBXBuildFile; fileRef = 77D7924F27689866007EFE61 /* Category.swift */; };
		77D7925227689883007EFE61 /* CategoryViewModel.swift in Sources */ = {isa = PBXBuildFile; fileRef = 77D7925127689883007EFE61 /* CategoryViewModel.swift */; };
		77D792542768B4C1007EFE61 /* CategoriesView.swift in Sources */ = {isa = PBXBuildFile; fileRef = 77D792532768B4C1007EFE61 /* CategoriesView.swift */; };
		77FAEBA5272DC8CC00382DBC /* TasksView.swift in Sources */ = {isa = PBXBuildFile; fileRef = 77FAEBA4272DC8CC00382DBC /* TasksView.swift */; };
		93BB503B697F1721D22F9960 /* Pods_Ruminders.framework in Frameworks */ = {isa = PBXBuildFile; fileRef = DED04F7026486398C94E139A /* Pods_Ruminders.framework */; };
/* End PBXBuildFile section */

/* Begin PBXContainerItemProxy section */
		772FEAD827215939006C1FE8 /* PBXContainerItemProxy */ = {
			isa = PBXContainerItemProxy;
			containerPortal = 772FEABA27215937006C1FE8 /* Project object */;
			proxyType = 1;
			remoteGlobalIDString = 772FEAC127215937006C1FE8;
			remoteInfo = Ruminders;
		};
		772FEAE227215939006C1FE8 /* PBXContainerItemProxy */ = {
			isa = PBXContainerItemProxy;
			containerPortal = 772FEABA27215937006C1FE8 /* Project object */;
			proxyType = 1;
			remoteGlobalIDString = 772FEAC127215937006C1FE8;
			remoteInfo = Ruminders;
		};
/* End PBXContainerItemProxy section */

/* Begin PBXFileReference section */
		1578E67E0CA7C19D04432546 /* Pods-RumindersTests.release.xcconfig */ = {isa = PBXFileReference; includeInIndex = 1; lastKnownFileType = text.xcconfig; name = "Pods-RumindersTests.release.xcconfig"; path = "Target Support Files/Pods-RumindersTests/Pods-RumindersTests.release.xcconfig"; sourceTree = "<group>"; };
		19BE4B3AA095E755D7BC37D6 /* Pods-Ruminders-RumindersUITests.debug.xcconfig */ = {isa = PBXFileReference; includeInIndex = 1; lastKnownFileType = text.xcconfig; name = "Pods-Ruminders-RumindersUITests.debug.xcconfig"; path = "Target Support Files/Pods-Ruminders-RumindersUITests/Pods-Ruminders-RumindersUITests.debug.xcconfig"; sourceTree = "<group>"; };
		25D1C8A7913D36BDCFE6950B /* Pods_RumindersTests.framework */ = {isa = PBXFileReference; explicitFileType = wrapper.framework; includeInIndex = 0; path = Pods_RumindersTests.framework; sourceTree = BUILT_PRODUCTS_DIR; };
		6DEFB76007179638CAE3BB4F /* Pods-Ruminders-RumindersUITests.release.xcconfig */ = {isa = PBXFileReference; includeInIndex = 1; lastKnownFileType = text.xcconfig; name = "Pods-Ruminders-RumindersUITests.release.xcconfig"; path = "Target Support Files/Pods-Ruminders-RumindersUITests/Pods-Ruminders-RumindersUITests.release.xcconfig"; sourceTree = "<group>"; };
		772FEAC227215937006C1FE8 /* Ruminders.app */ = {isa = PBXFileReference; explicitFileType = wrapper.application; includeInIndex = 0; path = Ruminders.app; sourceTree = BUILT_PRODUCTS_DIR; };
		772FEAC527215937006C1FE8 /* RumindersApp.swift */ = {isa = PBXFileReference; lastKnownFileType = sourcecode.swift; path = RumindersApp.swift; sourceTree = "<group>"; };
		772FEAC927215939006C1FE8 /* Assets.xcassets */ = {isa = PBXFileReference; lastKnownFileType = folder.assetcatalog; path = Assets.xcassets; sourceTree = "<group>"; };
		772FEACC27215939006C1FE8 /* Preview Assets.xcassets */ = {isa = PBXFileReference; lastKnownFileType = folder.assetcatalog; path = "Preview Assets.xcassets"; sourceTree = "<group>"; };
		772FEACE27215939006C1FE8 /* Persistence.swift */ = {isa = PBXFileReference; lastKnownFileType = sourcecode.swift; path = Persistence.swift; sourceTree = "<group>"; };
		772FEAD127215939006C1FE8 /* Ruminders.xcdatamodel */ = {isa = PBXFileReference; lastKnownFileType = wrapper.xcdatamodel; path = Ruminders.xcdatamodel; sourceTree = "<group>"; };
		772FEAD727215939006C1FE8 /* RumindersTests.xctest */ = {isa = PBXFileReference; explicitFileType = wrapper.cfbundle; includeInIndex = 0; path = RumindersTests.xctest; sourceTree = BUILT_PRODUCTS_DIR; };
		772FEADB27215939006C1FE8 /* RumindersTests.swift */ = {isa = PBXFileReference; lastKnownFileType = sourcecode.swift; path = RumindersTests.swift; sourceTree = "<group>"; };
		772FEAE127215939006C1FE8 /* RumindersUITests.xctest */ = {isa = PBXFileReference; explicitFileType = wrapper.cfbundle; includeInIndex = 0; path = RumindersUITests.xctest; sourceTree = BUILT_PRODUCTS_DIR; };
		772FEAE527215939006C1FE8 /* RumindersUITests.swift */ = {isa = PBXFileReference; lastKnownFileType = sourcecode.swift; path = RumindersUITests.swift; sourceTree = "<group>"; };
		772FEAE727215939006C1FE8 /* RumindersUITestsLaunchTests.swift */ = {isa = PBXFileReference; lastKnownFileType = sourcecode.swift; path = RumindersUITestsLaunchTests.swift; sourceTree = "<group>"; };
		7766C2A92725B89400406714 /* General.swift */ = {isa = PBXFileReference; lastKnownFileType = sourcecode.swift; path = General.swift; sourceTree = "<group>"; };
		77852D9527233D9500137E88 /* ListPropertiesState.swift */ = {isa = PBXFileReference; lastKnownFileType = sourcecode.swift; path = ListPropertiesState.swift; sourceTree = "<group>"; };
		7796823727282A5400705B18 /* ListContext.swift */ = {isa = PBXFileReference; lastKnownFileType = sourcecode.swift; path = ListContext.swift; sourceTree = "<group>"; };
		7796823927282A8000705B18 /* ListView.swift */ = {isa = PBXFileReference; lastKnownFileType = sourcecode.swift; path = ListView.swift; sourceTree = "<group>"; };
		7796823B27282AAA00705B18 /* ListRowViews.swift */ = {isa = PBXFileReference; lastKnownFileType = sourcecode.swift; path = ListRowViews.swift; sourceTree = "<group>"; };
		77B9DB2527561CA200690FF8 /* pencil.json */ = {isa = PBXFileReference; fileEncoding = 4; lastKnownFileType = text.json; path = pencil.json; sourceTree = "<group>"; };
		77B9DB2727561DD500690FF8 /* Animation.swift */ = {isa = PBXFileReference; lastKnownFileType = sourcecode.swift; path = Animation.swift; sourceTree = "<group>"; };
		77B9DB2927562B9E00690FF8 /* gridList.json */ = {isa = PBXFileReference; fileEncoding = 4; lastKnownFileType = text.json; path = gridList.json; sourceTree = "<group>"; };
		77B9DB2B27562FE000690FF8 /* List.swift */ = {isa = PBXFileReference; lastKnownFileType = sourcecode.swift; path = List.swift; sourceTree = "<group>"; };
		77B9DB2D275631ED00690FF8 /* ListsViewModel.swift */ = {isa = PBXFileReference; lastKnownFileType = sourcecode.swift; path = ListsViewModel.swift; sourceTree = "<group>"; };
		77B9DB302757BD9400690FF8 /* Task.swift */ = {isa = PBXFileReference; lastKnownFileType = sourcecode.swift; path = Task.swift; sourceTree = "<group>"; };
		77B9DB332757C63A00690FF8 /* SpeechRec.swift */ = {isa = PBXFileReference; fileEncoding = 4; lastKnownFileType = sourcecode.swift; path = SpeechRec.swift; sourceTree = "<group>"; };
		77D7921E2758F5F7007EFE61 /* Tasks+CoreDataClass.swift */ = {isa = PBXFileReference; lastKnownFileType = sourcecode.swift; path = "Tasks+CoreDataClass.swift"; sourceTree = "<group>"; };
		77D7921F2758F5F7007EFE61 /* Tasks+CoreDataProperties.swift */ = {isa = PBXFileReference; lastKnownFileType = sourcecode.swift; path = "Tasks+CoreDataProperties.swift"; sourceTree = "<group>"; };
		77D792202758F5F7007EFE61 /* ListSet+CoreDataClass.swift */ = {isa = PBXFileReference; lastKnownFileType = sourcecode.swift; path = "ListSet+CoreDataClass.swift"; sourceTree = "<group>"; };
		77D792212758F5F7007EFE61 /* ListSet+CoreDataProperties.swift */ = {isa = PBXFileReference; lastKnownFileType = sourcecode.swift; path = "ListSet+CoreDataProperties.swift"; sourceTree = "<group>"; };
		77D7922A275F6D0D007EFE61 /* TaskViewModel.swift */ = {isa = PBXFileReference; lastKnownFileType = sourcecode.swift; path = TaskViewModel.swift; sourceTree = "<group>"; };
		77D7922C275F8562007EFE61 /* TaskRowView.swift */ = {isa = PBXFileReference; lastKnownFileType = sourcecode.swift; path = TaskRowView.swift; sourceTree = "<group>"; };
		77D7922E27635D1E007EFE61 /* SearchBar.swift */ = {isa = PBXFileReference; lastKnownFileType = sourcecode.swift; path = SearchBar.swift; sourceTree = "<group>"; };
		77D7924F27689866007EFE61 /* Category.swift */ = {isa = PBXFileReference; lastKnownFileType = sourcecode.swift; path = Category.swift; sourceTree = "<group>"; };
		77D7925127689883007EFE61 /* CategoryViewModel.swift */ = {isa = PBXFileReference; lastKnownFileType = sourcecode.swift; path = CategoryViewModel.swift; sourceTree = "<group>"; };
		77D792532768B4C1007EFE61 /* CategoriesView.swift */ = {isa = PBXFileReference; lastKnownFileType = sourcecode.swift; path = CategoriesView.swift; sourceTree = "<group>"; };
		77FAEBA4272DC8CC00382DBC /* TasksView.swift */ = {isa = PBXFileReference; lastKnownFileType = sourcecode.swift; path = TasksView.swift; sourceTree = "<group>"; };
		A64B44F2CEA707857C69F370 /* Pods-RumindersTests.debug.xcconfig */ = {isa = PBXFileReference; includeInIndex = 1; lastKnownFileType = text.xcconfig; name = "Pods-RumindersTests.debug.xcconfig"; path = "Target Support Files/Pods-RumindersTests/Pods-RumindersTests.debug.xcconfig"; sourceTree = "<group>"; };
		A6E988ABBEA188479425394F /* Pods_Ruminders_RumindersUITests.framework */ = {isa = PBXFileReference; explicitFileType = wrapper.framework; includeInIndex = 0; path = Pods_Ruminders_RumindersUITests.framework; sourceTree = BUILT_PRODUCTS_DIR; };
		DAB5041D3599D3E279E2EE76 /* Pods-Ruminders.debug.xcconfig */ = {isa = PBXFileReference; includeInIndex = 1; lastKnownFileType = text.xcconfig; name = "Pods-Ruminders.debug.xcconfig"; path = "Target Support Files/Pods-Ruminders/Pods-Ruminders.debug.xcconfig"; sourceTree = "<group>"; };
		DBF312C38957DD4C2957DCF9 /* Pods-Ruminders.release.xcconfig */ = {isa = PBXFileReference; includeInIndex = 1; lastKnownFileType = text.xcconfig; name = "Pods-Ruminders.release.xcconfig"; path = "Target Support Files/Pods-Ruminders/Pods-Ruminders.release.xcconfig"; sourceTree = "<group>"; };
		DED04F7026486398C94E139A /* Pods_Ruminders.framework */ = {isa = PBXFileReference; explicitFileType = wrapper.framework; includeInIndex = 0; path = Pods_Ruminders.framework; sourceTree = BUILT_PRODUCTS_DIR; };
/* End PBXFileReference section */

/* Begin PBXFrameworksBuildPhase section */
		772FEABF27215937006C1FE8 /* Frameworks */ = {
			isa = PBXFrameworksBuildPhase;
			buildActionMask = 2147483647;
			files = (
				93BB503B697F1721D22F9960 /* Pods_Ruminders.framework in Frameworks */,
			);
			runOnlyForDeploymentPostprocessing = 0;
		};
		772FEAD427215939006C1FE8 /* Frameworks */ = {
			isa = PBXFrameworksBuildPhase;
			buildActionMask = 2147483647;
			files = (
				35885CD20DD2CC45A84E3346 /* Pods_RumindersTests.framework in Frameworks */,
			);
			runOnlyForDeploymentPostprocessing = 0;
		};
		772FEADE27215939006C1FE8 /* Frameworks */ = {
			isa = PBXFrameworksBuildPhase;
			buildActionMask = 2147483647;
			files = (
				24848DC509509023E91016CA /* Pods_Ruminders_RumindersUITests.framework in Frameworks */,
			);
			runOnlyForDeploymentPostprocessing = 0;
		};
/* End PBXFrameworksBuildPhase section */

/* Begin PBXGroup section */
		6150C28786CEFDB89ECB463E /* Pods */ = {
			isa = PBXGroup;
			children = (
				DAB5041D3599D3E279E2EE76 /* Pods-Ruminders.debug.xcconfig */,
				DBF312C38957DD4C2957DCF9 /* Pods-Ruminders.release.xcconfig */,
				19BE4B3AA095E755D7BC37D6 /* Pods-Ruminders-RumindersUITests.debug.xcconfig */,
				6DEFB76007179638CAE3BB4F /* Pods-Ruminders-RumindersUITests.release.xcconfig */,
				A64B44F2CEA707857C69F370 /* Pods-RumindersTests.debug.xcconfig */,
				1578E67E0CA7C19D04432546 /* Pods-RumindersTests.release.xcconfig */,
			);
			path = Pods;
			sourceTree = "<group>";
		};
		772FEAB927215937006C1FE8 = {
			isa = PBXGroup;
			children = (
				772FEAC427215937006C1FE8 /* Ruminders */,
				772FEADA27215939006C1FE8 /* RumindersTests */,
				772FEAE427215939006C1FE8 /* RumindersUITests */,
				772FEAC327215937006C1FE8 /* Products */,
				6150C28786CEFDB89ECB463E /* Pods */,
				8094AF98C54EF3038352C86C /* Frameworks */,
			);
			sourceTree = "<group>";
		};
		772FEAC327215937006C1FE8 /* Products */ = {
			isa = PBXGroup;
			children = (
				772FEAC227215937006C1FE8 /* Ruminders.app */,
				772FEAD727215939006C1FE8 /* RumindersTests.xctest */,
				772FEAE127215939006C1FE8 /* RumindersUITests.xctest */,
			);
			name = Products;
			sourceTree = "<group>";
		};
		772FEAC427215937006C1FE8 /* Ruminders */ = {
			isa = PBXGroup;
			children = (
				77B9DB2527561CA200690FF8 /* pencil.json */,
				77B9DB2927562B9E00690FF8 /* gridList.json */,
				772FEAC527215937006C1FE8 /* RumindersApp.swift */,
				7766C2A92725B89400406714 /* General.swift */,
				77D792272758F67D007EFE61 /* Lottie */,
				77D792262758F658007EFE61 /* Views */,
				772FEAC927215939006C1FE8 /* Assets.xcassets */,
				77B9DB322757C61E00690FF8 /* SpeachRecognition */,
				77B9DB2F2757BD7B00690FF8 /* Models */,
				77D792132758D149007EFE61 /* CoreData */,
				772FEACB27215939006C1FE8 /* Preview Content */,
			);
			path = Ruminders;
			sourceTree = "<group>";
		};
		772FEACB27215939006C1FE8 /* Preview Content */ = {
			isa = PBXGroup;
			children = (
				772FEACC27215939006C1FE8 /* Preview Assets.xcassets */,
			);
			path = "Preview Content";
			sourceTree = "<group>";
		};
		772FEADA27215939006C1FE8 /* RumindersTests */ = {
			isa = PBXGroup;
			children = (
				772FEADB27215939006C1FE8 /* RumindersTests.swift */,
			);
			path = RumindersTests;
			sourceTree = "<group>";
		};
		772FEAE427215939006C1FE8 /* RumindersUITests */ = {
			isa = PBXGroup;
			children = (
				772FEAE527215939006C1FE8 /* RumindersUITests.swift */,
				772FEAE727215939006C1FE8 /* RumindersUITestsLaunchTests.swift */,
			);
			path = RumindersUITests;
			sourceTree = "<group>";
		};
		77B9DB2F2757BD7B00690FF8 /* Models */ = {
			isa = PBXGroup;
			children = (
				77B9DB2D275631ED00690FF8 /* ListsViewModel.swift */,
				77D7922A275F6D0D007EFE61 /* TaskViewModel.swift */,
				77D7925127689883007EFE61 /* CategoryViewModel.swift */,
				77B9DB2B27562FE000690FF8 /* List.swift */,
				77B9DB302757BD9400690FF8 /* Task.swift */,
				77D7924F27689866007EFE61 /* Category.swift */,
				77852D9527233D9500137E88 /* ListPropertiesState.swift */,
			);
			path = Models;
			sourceTree = "<group>";
		};
		77B9DB322757C61E00690FF8 /* SpeachRecognition */ = {
			isa = PBXGroup;
			children = (
				77B9DB332757C63A00690FF8 /* SpeechRec.swift */,
			);
			path = SpeachRecognition;
			sourceTree = "<group>";
		};
		77D792132758D149007EFE61 /* CoreData */ = {
			isa = PBXGroup;
			children = (
				772FEAD027215939006C1FE8 /* Ruminders.xcdatamodeld */,
				772FEACE27215939006C1FE8 /* Persistence.swift */,
				77D7921E2758F5F7007EFE61 /* Tasks+CoreDataClass.swift */,
				77D7921F2758F5F7007EFE61 /* Tasks+CoreDataProperties.swift */,
				77D792202758F5F7007EFE61 /* ListSet+CoreDataClass.swift */,
				77D792212758F5F7007EFE61 /* ListSet+CoreDataProperties.swift */,
			);
			path = CoreData;
			sourceTree = "<group>";
		};
		77D792262758F658007EFE61 /* Views */ = {
			isa = PBXGroup;
			children = (
				77D7922E27635D1E007EFE61 /* SearchBar.swift */,
				7796823927282A8000705B18 /* ListView.swift */,
				77D792532768B4C1007EFE61 /* CategoriesView.swift */,
				7796823727282A5400705B18 /* ListContext.swift */,
				7796823B27282AAA00705B18 /* ListRowViews.swift */,
				77FAEBA4272DC8CC00382DBC /* TasksView.swift */,
				77D7922C275F8562007EFE61 /* TaskRowView.swift */,
			);
			path = Views;
			sourceTree = "<group>";
		};
		77D792272758F67D007EFE61 /* Lottie */ = {
			isa = PBXGroup;
			children = (
				77B9DB2727561DD500690FF8 /* Animation.swift */,
			);
			path = Lottie;
			sourceTree = "<group>";
		};
		8094AF98C54EF3038352C86C /* Frameworks */ = {
			isa = PBXGroup;
			children = (
				DED04F7026486398C94E139A /* Pods_Ruminders.framework */,
				A6E988ABBEA188479425394F /* Pods_Ruminders_RumindersUITests.framework */,
				25D1C8A7913D36BDCFE6950B /* Pods_RumindersTests.framework */,
			);
			name = Frameworks;
			sourceTree = "<group>";
		};
/* End PBXGroup section */

/* Begin PBXNativeTarget section */
		772FEAC127215937006C1FE8 /* Ruminders */ = {
			isa = PBXNativeTarget;
			buildConfigurationList = 772FEAEB27215939006C1FE8 /* Build configuration list for PBXNativeTarget "Ruminders" */;
			buildPhases = (
				DB82AFBB2044EF6B0E097255 /* [CP] Check Pods Manifest.lock */,
				772FEABE27215937006C1FE8 /* Sources */,
				772FEABF27215937006C1FE8 /* Frameworks */,
				772FEAC027215937006C1FE8 /* Resources */,
				058DFA511E13F754506649BD /* [CP] Embed Pods Frameworks */,
			);
			buildRules = (
			);
			dependencies = (
			);
			name = Ruminders;
			productName = Ruminders;
			productReference = 772FEAC227215937006C1FE8 /* Ruminders.app */;
			productType = "com.apple.product-type.application";
		};
		772FEAD627215939006C1FE8 /* RumindersTests */ = {
			isa = PBXNativeTarget;
			buildConfigurationList = 772FEAEE27215939006C1FE8 /* Build configuration list for PBXNativeTarget "RumindersTests" */;
			buildPhases = (
				9E7718BAF560398B475AD871 /* [CP] Check Pods Manifest.lock */,
				772FEAD327215939006C1FE8 /* Sources */,
				772FEAD427215939006C1FE8 /* Frameworks */,
				772FEAD527215939006C1FE8 /* Resources */,
			);
			buildRules = (
			);
			dependencies = (
				772FEAD927215939006C1FE8 /* PBXTargetDependency */,
			);
			name = RumindersTests;
			productName = RumindersTests;
			productReference = 772FEAD727215939006C1FE8 /* RumindersTests.xctest */;
			productType = "com.apple.product-type.bundle.unit-test";
		};
		772FEAE027215939006C1FE8 /* RumindersUITests */ = {
			isa = PBXNativeTarget;
			buildConfigurationList = 772FEAF127215939006C1FE8 /* Build configuration list for PBXNativeTarget "RumindersUITests" */;
			buildPhases = (
				88ECC54FC92F0B84DDEA5733 /* [CP] Check Pods Manifest.lock */,
				772FEADD27215939006C1FE8 /* Sources */,
				772FEADE27215939006C1FE8 /* Frameworks */,
				772FEADF27215939006C1FE8 /* Resources */,
				7010F573C9E0092EDD736241 /* [CP] Embed Pods Frameworks */,
			);
			buildRules = (
			);
			dependencies = (
				772FEAE327215939006C1FE8 /* PBXTargetDependency */,
			);
			name = RumindersUITests;
			productName = RumindersUITests;
			productReference = 772FEAE127215939006C1FE8 /* RumindersUITests.xctest */;
			productType = "com.apple.product-type.bundle.ui-testing";
		};
/* End PBXNativeTarget section */

/* Begin PBXProject section */
		772FEABA27215937006C1FE8 /* Project object */ = {
			isa = PBXProject;
			attributes = {
				BuildIndependentTargetsInParallel = 1;
				LastSwiftUpdateCheck = 1300;
				LastUpgradeCheck = 1300;
				TargetAttributes = {
					772FEAC127215937006C1FE8 = {
						CreatedOnToolsVersion = 13.0;
					};
					772FEAD627215939006C1FE8 = {
						CreatedOnToolsVersion = 13.0;
						TestTargetID = 772FEAC127215937006C1FE8;
					};
					772FEAE027215939006C1FE8 = {
						CreatedOnToolsVersion = 13.0;
						TestTargetID = 772FEAC127215937006C1FE8;
					};
				};
			};
			buildConfigurationList = 772FEABD27215937006C1FE8 /* Build configuration list for PBXProject "Ruminders" */;
			compatibilityVersion = "Xcode 13.0";
			developmentRegion = en;
			hasScannedForEncodings = 0;
			knownRegions = (
				en,
				Base,
			);
			mainGroup = 772FEAB927215937006C1FE8;
			productRefGroup = 772FEAC327215937006C1FE8 /* Products */;
			projectDirPath = "";
			projectRoot = "";
			targets = (
				772FEAC127215937006C1FE8 /* Ruminders */,
				772FEAD627215939006C1FE8 /* RumindersTests */,
				772FEAE027215939006C1FE8 /* RumindersUITests */,
			);
		};
/* End PBXProject section */

/* Begin PBXResourcesBuildPhase section */
		772FEAC027215937006C1FE8 /* Resources */ = {
			isa = PBXResourcesBuildPhase;
			buildActionMask = 2147483647;
			files = (
				77B9DB2A27562B9E00690FF8 /* gridList.json in Resources */,
				772FEACD27215939006C1FE8 /* Preview Assets.xcassets in Resources */,
				772FEACA27215939006C1FE8 /* Assets.xcassets in Resources */,
				77B9DB2627561CA200690FF8 /* pencil.json in Resources */,
			);
			runOnlyForDeploymentPostprocessing = 0;
		};
		772FEAD527215939006C1FE8 /* Resources */ = {
			isa = PBXResourcesBuildPhase;
			buildActionMask = 2147483647;
			files = (
			);
			runOnlyForDeploymentPostprocessing = 0;
		};
		772FEADF27215939006C1FE8 /* Resources */ = {
			isa = PBXResourcesBuildPhase;
			buildActionMask = 2147483647;
			files = (
			);
			runOnlyForDeploymentPostprocessing = 0;
		};
/* End PBXResourcesBuildPhase section */

/* Begin PBXShellScriptBuildPhase section */
		058DFA511E13F754506649BD /* [CP] Embed Pods Frameworks */ = {
			isa = PBXShellScriptBuildPhase;
			buildActionMask = 2147483647;
			files = (
			);
			inputFileListPaths = (
				"${PODS_ROOT}/Target Support Files/Pods-Ruminders/Pods-Ruminders-frameworks-${CONFIGURATION}-input-files.xcfilelist",
			);
			name = "[CP] Embed Pods Frameworks";
			outputFileListPaths = (
				"${PODS_ROOT}/Target Support Files/Pods-Ruminders/Pods-Ruminders-frameworks-${CONFIGURATION}-output-files.xcfilelist",
			);
			runOnlyForDeploymentPostprocessing = 0;
			shellPath = /bin/sh;
			shellScript = "\"${PODS_ROOT}/Target Support Files/Pods-Ruminders/Pods-Ruminders-frameworks.sh\"\n";
			showEnvVarsInLog = 0;
		};
		7010F573C9E0092EDD736241 /* [CP] Embed Pods Frameworks */ = {
			isa = PBXShellScriptBuildPhase;
			buildActionMask = 2147483647;
			files = (
			);
			inputFileListPaths = (
				"${PODS_ROOT}/Target Support Files/Pods-Ruminders-RumindersUITests/Pods-Ruminders-RumindersUITests-frameworks-${CONFIGURATION}-input-files.xcfilelist",
			);
			name = "[CP] Embed Pods Frameworks";
			outputFileListPaths = (
				"${PODS_ROOT}/Target Support Files/Pods-Ruminders-RumindersUITests/Pods-Ruminders-RumindersUITests-frameworks-${CONFIGURATION}-output-files.xcfilelist",
			);
			runOnlyForDeploymentPostprocessing = 0;
			shellPath = /bin/sh;
			shellScript = "\"${PODS_ROOT}/Target Support Files/Pods-Ruminders-RumindersUITests/Pods-Ruminders-RumindersUITests-frameworks.sh\"\n";
			showEnvVarsInLog = 0;
		};
		88ECC54FC92F0B84DDEA5733 /* [CP] Check Pods Manifest.lock */ = {
			isa = PBXShellScriptBuildPhase;
			buildActionMask = 2147483647;
			files = (
			);
			inputFileListPaths = (
			);
			inputPaths = (
				"${PODS_PODFILE_DIR_PATH}/Podfile.lock",
				"${PODS_ROOT}/Manifest.lock",
			);
			name = "[CP] Check Pods Manifest.lock";
			outputFileListPaths = (
			);
			outputPaths = (
				"$(DERIVED_FILE_DIR)/Pods-Ruminders-RumindersUITests-checkManifestLockResult.txt",
			);
			runOnlyForDeploymentPostprocessing = 0;
			shellPath = /bin/sh;
			shellScript = "diff \"${PODS_PODFILE_DIR_PATH}/Podfile.lock\" \"${PODS_ROOT}/Manifest.lock\" > /dev/null\nif [ $? != 0 ] ; then\n    # print error to STDERR\n    echo \"error: The sandbox is not in sync with the Podfile.lock. Run 'pod install' or update your CocoaPods installation.\" >&2\n    exit 1\nfi\n# This output is used by Xcode 'outputs' to avoid re-running this script phase.\necho \"SUCCESS\" > \"${SCRIPT_OUTPUT_FILE_0}\"\n";
			showEnvVarsInLog = 0;
		};
		9E7718BAF560398B475AD871 /* [CP] Check Pods Manifest.lock */ = {
			isa = PBXShellScriptBuildPhase;
			buildActionMask = 2147483647;
			files = (
			);
			inputFileListPaths = (
			);
			inputPaths = (
				"${PODS_PODFILE_DIR_PATH}/Podfile.lock",
				"${PODS_ROOT}/Manifest.lock",
			);
			name = "[CP] Check Pods Manifest.lock";
			outputFileListPaths = (
			);
			outputPaths = (
				"$(DERIVED_FILE_DIR)/Pods-RumindersTests-checkManifestLockResult.txt",
			);
			runOnlyForDeploymentPostprocessing = 0;
			shellPath = /bin/sh;
			shellScript = "diff \"${PODS_PODFILE_DIR_PATH}/Podfile.lock\" \"${PODS_ROOT}/Manifest.lock\" > /dev/null\nif [ $? != 0 ] ; then\n    # print error to STDERR\n    echo \"error: The sandbox is not in sync with the Podfile.lock. Run 'pod install' or update your CocoaPods installation.\" >&2\n    exit 1\nfi\n# This output is used by Xcode 'outputs' to avoid re-running this script phase.\necho \"SUCCESS\" > \"${SCRIPT_OUTPUT_FILE_0}\"\n";
			showEnvVarsInLog = 0;
		};
		DB82AFBB2044EF6B0E097255 /* [CP] Check Pods Manifest.lock */ = {
			isa = PBXShellScriptBuildPhase;
			buildActionMask = 2147483647;
			files = (
			);
			inputFileListPaths = (
			);
			inputPaths = (
				"${PODS_PODFILE_DIR_PATH}/Podfile.lock",
				"${PODS_ROOT}/Manifest.lock",
			);
			name = "[CP] Check Pods Manifest.lock";
			outputFileListPaths = (
			);
			outputPaths = (
				"$(DERIVED_FILE_DIR)/Pods-Ruminders-checkManifestLockResult.txt",
			);
			runOnlyForDeploymentPostprocessing = 0;
			shellPath = /bin/sh;
			shellScript = "diff \"${PODS_PODFILE_DIR_PATH}/Podfile.lock\" \"${PODS_ROOT}/Manifest.lock\" > /dev/null\nif [ $? != 0 ] ; then\n    # print error to STDERR\n    echo \"error: The sandbox is not in sync with the Podfile.lock. Run 'pod install' or update your CocoaPods installation.\" >&2\n    exit 1\nfi\n# This output is used by Xcode 'outputs' to avoid re-running this script phase.\necho \"SUCCESS\" > \"${SCRIPT_OUTPUT_FILE_0}\"\n";
			showEnvVarsInLog = 0;
		};
/* End PBXShellScriptBuildPhase section */

/* Begin PBXSourcesBuildPhase section */
		772FEABE27215937006C1FE8 /* Sources */ = {
			isa = PBXSourcesBuildPhase;
			buildActionMask = 2147483647;
			files = (
				772FEACF27215939006C1FE8 /* Persistence.swift in Sources */,
				77FAEBA5272DC8CC00382DBC /* TasksView.swift in Sources */,
				77B9DB2C27562FE000690FF8 /* List.swift in Sources */,
				77D792242758F5F7007EFE61 /* ListSet+CoreDataClass.swift in Sources */,
				77852D9627233D9500137E88 /* ListPropertiesState.swift in Sources */,
				77D792222758F5F7007EFE61 /* Tasks+CoreDataClass.swift in Sources */,
				77D7925227689883007EFE61 /* CategoryViewModel.swift in Sources */,
				772FEAC627215937006C1FE8 /* RumindersApp.swift in Sources */,
				77D792542768B4C1007EFE61 /* CategoriesView.swift in Sources */,
				77B9DB342757C63A00690FF8 /* SpeechRec.swift in Sources */,
				77B9DB2E275631ED00690FF8 /* ListsViewModel.swift in Sources */,
				7796823827282A5400705B18 /* ListContext.swift in Sources */,
				77D7922D275F8562007EFE61 /* TaskRowView.swift in Sources */,
				772FEAD227215939006C1FE8 /* Ruminders.xcdatamodeld in Sources */,
				77D7922B275F6D0D007EFE61 /* TaskViewModel.swift in Sources */,
				77D792232758F5F7007EFE61 /* Tasks+CoreDataProperties.swift in Sources */,
				77D7922F27635D1E007EFE61 /* SearchBar.swift in Sources */,
				7796823C27282AAA00705B18 /* ListRowViews.swift in Sources */,
				7766C2AA2725B89400406714 /* General.swift in Sources */,
				77D792252758F5F7007EFE61 /* ListSet+CoreDataProperties.swift in Sources */,
				77B9DB2827561DD500690FF8 /* Animation.swift in Sources */,
				77B9DB312757BD9400690FF8 /* Task.swift in Sources */,
				7796823A27282A8000705B18 /* ListView.swift in Sources */,
				77D7925027689866007EFE61 /* Category.swift in Sources */,
			);
			runOnlyForDeploymentPostprocessing = 0;
		};
		772FEAD327215939006C1FE8 /* Sources */ = {
			isa = PBXSourcesBuildPhase;
			buildActionMask = 2147483647;
			files = (
				772FEADC27215939006C1FE8 /* RumindersTests.swift in Sources */,
			);
			runOnlyForDeploymentPostprocessing = 0;
		};
		772FEADD27215939006C1FE8 /* Sources */ = {
			isa = PBXSourcesBuildPhase;
			buildActionMask = 2147483647;
			files = (
				772FEAE827215939006C1FE8 /* RumindersUITestsLaunchTests.swift in Sources */,
				772FEAE627215939006C1FE8 /* RumindersUITests.swift in Sources */,
			);
			runOnlyForDeploymentPostprocessing = 0;
		};
/* End PBXSourcesBuildPhase section */

/* Begin PBXTargetDependency section */
		772FEAD927215939006C1FE8 /* PBXTargetDependency */ = {
			isa = PBXTargetDependency;
			target = 772FEAC127215937006C1FE8 /* Ruminders */;
			targetProxy = 772FEAD827215939006C1FE8 /* PBXContainerItemProxy */;
		};
		772FEAE327215939006C1FE8 /* PBXTargetDependency */ = {
			isa = PBXTargetDependency;
			target = 772FEAC127215937006C1FE8 /* Ruminders */;
			targetProxy = 772FEAE227215939006C1FE8 /* PBXContainerItemProxy */;
		};
/* End PBXTargetDependency section */

/* Begin XCBuildConfiguration section */
		772FEAE927215939006C1FE8 /* Debug */ = {
			isa = XCBuildConfiguration;
			buildSettings = {
				ALWAYS_SEARCH_USER_PATHS = NO;
				CLANG_ANALYZER_NONNULL = YES;
				CLANG_ANALYZER_NUMBER_OBJECT_CONVERSION = YES_AGGRESSIVE;
				CLANG_CXX_LANGUAGE_STANDARD = "gnu++17";
				CLANG_CXX_LIBRARY = "libc++";
				CLANG_ENABLE_MODULES = YES;
				CLANG_ENABLE_OBJC_ARC = YES;
				CLANG_ENABLE_OBJC_WEAK = YES;
				CLANG_WARN_BLOCK_CAPTURE_AUTORELEASING = YES;
				CLANG_WARN_BOOL_CONVERSION = YES;
				CLANG_WARN_COMMA = YES;
				CLANG_WARN_CONSTANT_CONVERSION = YES;
				CLANG_WARN_DEPRECATED_OBJC_IMPLEMENTATIONS = YES;
				CLANG_WARN_DIRECT_OBJC_ISA_USAGE = YES_ERROR;
				CLANG_WARN_DOCUMENTATION_COMMENTS = YES;
				CLANG_WARN_EMPTY_BODY = YES;
				CLANG_WARN_ENUM_CONVERSION = YES;
				CLANG_WARN_INFINITE_RECURSION = YES;
				CLANG_WARN_INT_CONVERSION = YES;
				CLANG_WARN_NON_LITERAL_NULL_CONVERSION = YES;
				CLANG_WARN_OBJC_IMPLICIT_RETAIN_SELF = YES;
				CLANG_WARN_OBJC_LITERAL_CONVERSION = YES;
				CLANG_WARN_OBJC_ROOT_CLASS = YES_ERROR;
				CLANG_WARN_QUOTED_INCLUDE_IN_FRAMEWORK_HEADER = YES;
				CLANG_WARN_RANGE_LOOP_ANALYSIS = YES;
				CLANG_WARN_STRICT_PROTOTYPES = YES;
				CLANG_WARN_SUSPICIOUS_MOVE = YES;
				CLANG_WARN_UNGUARDED_AVAILABILITY = YES_AGGRESSIVE;
				CLANG_WARN_UNREACHABLE_CODE = YES;
				CLANG_WARN__DUPLICATE_METHOD_MATCH = YES;
				COPY_PHASE_STRIP = NO;
				DEBUG_INFORMATION_FORMAT = dwarf;
				ENABLE_STRICT_OBJC_MSGSEND = YES;
				ENABLE_TESTABILITY = YES;
				GCC_C_LANGUAGE_STANDARD = gnu11;
				GCC_DYNAMIC_NO_PIC = NO;
				GCC_NO_COMMON_BLOCKS = YES;
				GCC_OPTIMIZATION_LEVEL = 0;
				GCC_PREPROCESSOR_DEFINITIONS = (
					"DEBUG=1",
					"$(inherited)",
				);
				GCC_WARN_64_TO_32_BIT_CONVERSION = YES;
				GCC_WARN_ABOUT_RETURN_TYPE = YES_ERROR;
				GCC_WARN_UNDECLARED_SELECTOR = YES;
				GCC_WARN_UNINITIALIZED_AUTOS = YES_AGGRESSIVE;
				GCC_WARN_UNUSED_FUNCTION = YES;
				GCC_WARN_UNUSED_VARIABLE = YES;
				IPHONEOS_DEPLOYMENT_TARGET = 15.0;
				MTL_ENABLE_DEBUG_INFO = INCLUDE_SOURCE;
				MTL_FAST_MATH = YES;
				ONLY_ACTIVE_ARCH = YES;
				SDKROOT = iphoneos;
				SWIFT_ACTIVE_COMPILATION_CONDITIONS = DEBUG;
				SWIFT_OPTIMIZATION_LEVEL = "-Onone";
			};
			name = Debug;
		};
		772FEAEA27215939006C1FE8 /* Release */ = {
			isa = XCBuildConfiguration;
			buildSettings = {
				ALWAYS_SEARCH_USER_PATHS = NO;
				CLANG_ANALYZER_NONNULL = YES;
				CLANG_ANALYZER_NUMBER_OBJECT_CONVERSION = YES_AGGRESSIVE;
				CLANG_CXX_LANGUAGE_STANDARD = "gnu++17";
				CLANG_CXX_LIBRARY = "libc++";
				CLANG_ENABLE_MODULES = YES;
				CLANG_ENABLE_OBJC_ARC = YES;
				CLANG_ENABLE_OBJC_WEAK = YES;
				CLANG_WARN_BLOCK_CAPTURE_AUTORELEASING = YES;
				CLANG_WARN_BOOL_CONVERSION = YES;
				CLANG_WARN_COMMA = YES;
				CLANG_WARN_CONSTANT_CONVERSION = YES;
				CLANG_WARN_DEPRECATED_OBJC_IMPLEMENTATIONS = YES;
				CLANG_WARN_DIRECT_OBJC_ISA_USAGE = YES_ERROR;
				CLANG_WARN_DOCUMENTATION_COMMENTS = YES;
				CLANG_WARN_EMPTY_BODY = YES;
				CLANG_WARN_ENUM_CONVERSION = YES;
				CLANG_WARN_INFINITE_RECURSION = YES;
				CLANG_WARN_INT_CONVERSION = YES;
				CLANG_WARN_NON_LITERAL_NULL_CONVERSION = YES;
				CLANG_WARN_OBJC_IMPLICIT_RETAIN_SELF = YES;
				CLANG_WARN_OBJC_LITERAL_CONVERSION = YES;
				CLANG_WARN_OBJC_ROOT_CLASS = YES_ERROR;
				CLANG_WARN_QUOTED_INCLUDE_IN_FRAMEWORK_HEADER = YES;
				CLANG_WARN_RANGE_LOOP_ANALYSIS = YES;
				CLANG_WARN_STRICT_PROTOTYPES = YES;
				CLANG_WARN_SUSPICIOUS_MOVE = YES;
				CLANG_WARN_UNGUARDED_AVAILABILITY = YES_AGGRESSIVE;
				CLANG_WARN_UNREACHABLE_CODE = YES;
				CLANG_WARN__DUPLICATE_METHOD_MATCH = YES;
				COPY_PHASE_STRIP = NO;
				DEBUG_INFORMATION_FORMAT = "dwarf-with-dsym";
				ENABLE_NS_ASSERTIONS = NO;
				ENABLE_STRICT_OBJC_MSGSEND = YES;
				GCC_C_LANGUAGE_STANDARD = gnu11;
				GCC_NO_COMMON_BLOCKS = YES;
				GCC_WARN_64_TO_32_BIT_CONVERSION = YES;
				GCC_WARN_ABOUT_RETURN_TYPE = YES_ERROR;
				GCC_WARN_UNDECLARED_SELECTOR = YES;
				GCC_WARN_UNINITIALIZED_AUTOS = YES_AGGRESSIVE;
				GCC_WARN_UNUSED_FUNCTION = YES;
				GCC_WARN_UNUSED_VARIABLE = YES;
				IPHONEOS_DEPLOYMENT_TARGET = 15.0;
				MTL_ENABLE_DEBUG_INFO = NO;
				MTL_FAST_MATH = YES;
				SDKROOT = iphoneos;
				SWIFT_COMPILATION_MODE = wholemodule;
				SWIFT_OPTIMIZATION_LEVEL = "-O";
				VALIDATE_PRODUCT = YES;
			};
			name = Release;
		};
		772FEAEC27215939006C1FE8 /* Debug */ = {
			isa = XCBuildConfiguration;
			baseConfigurationReference = DAB5041D3599D3E279E2EE76 /* Pods-Ruminders.debug.xcconfig */;
			buildSettings = {
				ASSETCATALOG_COMPILER_APPICON_NAME = AppIcon;
				ASSETCATALOG_COMPILER_GLOBAL_ACCENT_COLOR_NAME = AccentColor;
				CODE_SIGN_STYLE = Automatic;
				CURRENT_PROJECT_VERSION = 1;
				DEVELOPMENT_ASSET_PATHS = "\"Ruminders/Preview Content\"";
				DEVELOPMENT_TEAM = XJB6H4WXH3;
				ENABLE_PREVIEWS = YES;
				GENERATE_INFOPLIST_FILE = YES;
				INFOPLIST_FILE = Ruminders/Info.plist;
				INFOPLIST_KEY_NSMicrophoneUsageDescription = "";
				INFOPLIST_KEY_NSSpeechRecognitionUsageDescription = "";
				INFOPLIST_KEY_UIApplicationSceneManifest_Generation = YES;
				INFOPLIST_KEY_UIApplicationSupportsIndirectInputEvents = YES;
				INFOPLIST_KEY_UILaunchScreen_Generation = YES;
				INFOPLIST_KEY_UISupportedInterfaceOrientations_iPad = "UIInterfaceOrientationPortrait UIInterfaceOrientationPortraitUpsideDown UIInterfaceOrientationLandscapeLeft UIInterfaceOrientationLandscapeRight";
				INFOPLIST_KEY_UISupportedInterfaceOrientations_iPhone = "UIInterfaceOrientationPortrait UIInterfaceOrientationLandscapeLeft UIInterfaceOrientationLandscapeRight";
				IPHONEOS_DEPLOYMENT_TARGET = 15.0;
				LD_RUNPATH_SEARCH_PATHS = (
					"$(inherited)",
					"@executable_path/Frameworks",
				);
				MARKETING_VERSION = 1.0;
				PRODUCT_BUNDLE_IDENTIFIER = com.evserdyukov.Ruminders;
				PRODUCT_NAME = "$(TARGET_NAME)";
				SWIFT_EMIT_LOC_STRINGS = YES;
				SWIFT_VERSION = 5.0;
				TARGETED_DEVICE_FAMILY = "1,2";
			};
			name = Debug;
		};
		772FEAED27215939006C1FE8 /* Release */ = {
			isa = XCBuildConfiguration;
			baseConfigurationReference = DBF312C38957DD4C2957DCF9 /* Pods-Ruminders.release.xcconfig */;
			buildSettings = {
				ASSETCATALOG_COMPILER_APPICON_NAME = AppIcon;
				ASSETCATALOG_COMPILER_GLOBAL_ACCENT_COLOR_NAME = AccentColor;
				CODE_SIGN_STYLE = Automatic;
				CURRENT_PROJECT_VERSION = 1;
				DEVELOPMENT_ASSET_PATHS = "\"Ruminders/Preview Content\"";
				DEVELOPMENT_TEAM = XJB6H4WXH3;
				ENABLE_PREVIEWS = YES;
				GENERATE_INFOPLIST_FILE = YES;
				INFOPLIST_FILE = Ruminders/Info.plist;
				INFOPLIST_KEY_NSMicrophoneUsageDescription = "";
				INFOPLIST_KEY_NSSpeechRecognitionUsageDescription = "";
				INFOPLIST_KEY_UIApplicationSceneManifest_Generation = YES;
				INFOPLIST_KEY_UIApplicationSupportsIndirectInputEvents = YES;
				INFOPLIST_KEY_UILaunchScreen_Generation = YES;
				INFOPLIST_KEY_UISupportedInterfaceOrientations_iPad = "UIInterfaceOrientationPortrait UIInterfaceOrientationPortraitUpsideDown UIInterfaceOrientationLandscapeLeft UIInterfaceOrientationLandscapeRight";
				INFOPLIST_KEY_UISupportedInterfaceOrientations_iPhone = "UIInterfaceOrientationPortrait UIInterfaceOrientationLandscapeLeft UIInterfaceOrientationLandscapeRight";
				IPHONEOS_DEPLOYMENT_TARGET = 15.0;
				LD_RUNPATH_SEARCH_PATHS = (
					"$(inherited)",
					"@executable_path/Frameworks",
				);
				MARKETING_VERSION = 1.0;
				PRODUCT_BUNDLE_IDENTIFIER = com.evserdyukov.Ruminders;
				PRODUCT_NAME = "$(TARGET_NAME)";
				SWIFT_EMIT_LOC_STRINGS = YES;
				SWIFT_VERSION = 5.0;
				TARGETED_DEVICE_FAMILY = "1,2";
			};
			name = Release;
		};
		772FEAEF27215939006C1FE8 /* Debug */ = {
			isa = XCBuildConfiguration;
			baseConfigurationReference = A64B44F2CEA707857C69F370 /* Pods-RumindersTests.debug.xcconfig */;
			buildSettings = {
				ALWAYS_EMBED_SWIFT_STANDARD_LIBRARIES = YES;
				BUNDLE_LOADER = "$(TEST_HOST)";
				CODE_SIGN_STYLE = Automatic;
				CURRENT_PROJECT_VERSION = 1;
				DEVELOPMENT_TEAM = XJB6H4WXH3;
				GENERATE_INFOPLIST_FILE = YES;
				IPHONEOS_DEPLOYMENT_TARGET = 15.0;
				LD_RUNPATH_SEARCH_PATHS = (
					"$(inherited)",
					"@executable_path/Frameworks",
					"@loader_path/Frameworks",
				);
				MARKETING_VERSION = 1.0;
				PRODUCT_BUNDLE_IDENTIFIER = com.evserdyukov.RumindersTests;
				PRODUCT_NAME = "$(TARGET_NAME)";
				SWIFT_EMIT_LOC_STRINGS = NO;
				SWIFT_VERSION = 5.0;
				TARGETED_DEVICE_FAMILY = "1,2";
				TEST_HOST = "$(BUILT_PRODUCTS_DIR)/Ruminders.app/Ruminders";
			};
			name = Debug;
		};
		772FEAF027215939006C1FE8 /* Release */ = {
			isa = XCBuildConfiguration;
			baseConfigurationReference = 1578E67E0CA7C19D04432546 /* Pods-RumindersTests.release.xcconfig */;
			buildSettings = {
				ALWAYS_EMBED_SWIFT_STANDARD_LIBRARIES = YES;
				BUNDLE_LOADER = "$(TEST_HOST)";
				CODE_SIGN_STYLE = Automatic;
				CURRENT_PROJECT_VERSION = 1;
				DEVELOPMENT_TEAM = XJB6H4WXH3;
				GENERATE_INFOPLIST_FILE = YES;
				IPHONEOS_DEPLOYMENT_TARGET = 15.0;
				LD_RUNPATH_SEARCH_PATHS = (
					"$(inherited)",
					"@executable_path/Frameworks",
					"@loader_path/Frameworks",
				);
				MARKETING_VERSION = 1.0;
				PRODUCT_BUNDLE_IDENTIFIER = com.evserdyukov.RumindersTests;
				PRODUCT_NAME = "$(TARGET_NAME)";
				SWIFT_EMIT_LOC_STRINGS = NO;
				SWIFT_VERSION = 5.0;
				TARGETED_DEVICE_FAMILY = "1,2";
				TEST_HOST = "$(BUILT_PRODUCTS_DIR)/Ruminders.app/Ruminders";
			};
			name = Release;
		};
		772FEAF227215939006C1FE8 /* Debug */ = {
			isa = XCBuildConfiguration;
			baseConfigurationReference = 19BE4B3AA095E755D7BC37D6 /* Pods-Ruminders-RumindersUITests.debug.xcconfig */;
			buildSettings = {
				ALWAYS_EMBED_SWIFT_STANDARD_LIBRARIES = YES;
				CODE_SIGN_STYLE = Automatic;
				CURRENT_PROJECT_VERSION = 1;
				DEVELOPMENT_TEAM = XJB6H4WXH3;
				GENERATE_INFOPLIST_FILE = YES;
				LD_RUNPATH_SEARCH_PATHS = (
					"$(inherited)",
					"@executable_path/Frameworks",
					"@loader_path/Frameworks",
				);
				MARKETING_VERSION = 1.0;
				PRODUCT_BUNDLE_IDENTIFIER = com.evserdyukov.RumindersUITests;
				PRODUCT_NAME = "$(TARGET_NAME)";
				SWIFT_EMIT_LOC_STRINGS = NO;
				SWIFT_VERSION = 5.0;
				TARGETED_DEVICE_FAMILY = "1,2";
				TEST_TARGET_NAME = Ruminders;
			};
			name = Debug;
		};
		772FEAF327215939006C1FE8 /* Release */ = {
			isa = XCBuildConfiguration;
			baseConfigurationReference = 6DEFB76007179638CAE3BB4F /* Pods-Ruminders-RumindersUITests.release.xcconfig */;
			buildSettings = {
				ALWAYS_EMBED_SWIFT_STANDARD_LIBRARIES = YES;
				CODE_SIGN_STYLE = Automatic;
				CURRENT_PROJECT_VERSION = 1;
				DEVELOPMENT_TEAM = XJB6H4WXH3;
				GENERATE_INFOPLIST_FILE = YES;
				LD_RUNPATH_SEARCH_PATHS = (
					"$(inherited)",
					"@executable_path/Frameworks",
					"@loader_path/Frameworks",
				);
				MARKETING_VERSION = 1.0;
				PRODUCT_BUNDLE_IDENTIFIER = com.evserdyukov.RumindersUITests;
				PRODUCT_NAME = "$(TARGET_NAME)";
				SWIFT_EMIT_LOC_STRINGS = NO;
				SWIFT_VERSION = 5.0;
				TARGETED_DEVICE_FAMILY = "1,2";
				TEST_TARGET_NAME = Ruminders;
			};
			name = Release;
		};
/* End XCBuildConfiguration section */

/* Begin XCConfigurationList section */
		772FEABD27215937006C1FE8 /* Build configuration list for PBXProject "Ruminders" */ = {
			isa = XCConfigurationList;
			buildConfigurations = (
				772FEAE927215939006C1FE8 /* Debug */,
				772FEAEA27215939006C1FE8 /* Release */,
			);
			defaultConfigurationIsVisible = 0;
			defaultConfigurationName = Release;
		};
		772FEAEB27215939006C1FE8 /* Build configuration list for PBXNativeTarget "Ruminders" */ = {
			isa = XCConfigurationList;
			buildConfigurations = (
				772FEAEC27215939006C1FE8 /* Debug */,
				772FEAED27215939006C1FE8 /* Release */,
			);
			defaultConfigurationIsVisible = 0;
			defaultConfigurationName = Release;
		};
		772FEAEE27215939006C1FE8 /* Build configuration list for PBXNativeTarget "RumindersTests" */ = {
			isa = XCConfigurationList;
			buildConfigurations = (
				772FEAEF27215939006C1FE8 /* Debug */,
				772FEAF027215939006C1FE8 /* Release */,
			);
			defaultConfigurationIsVisible = 0;
			defaultConfigurationName = Release;
		};
		772FEAF127215939006C1FE8 /* Build configuration list for PBXNativeTarget "RumindersUITests" */ = {
			isa = XCConfigurationList;
			buildConfigurations = (
				772FEAF227215939006C1FE8 /* Debug */,
				772FEAF327215939006C1FE8 /* Release */,
			);
			defaultConfigurationIsVisible = 0;
			defaultConfigurationName = Release;
		};
/* End XCConfigurationList section */

/* Begin XCVersionGroup section */
		772FEAD027215939006C1FE8 /* Ruminders.xcdatamodeld */ = {
			isa = XCVersionGroup;
			children = (
				772FEAD127215939006C1FE8 /* Ruminders.xcdatamodel */,
			);
			currentVersion = 772FEAD127215939006C1FE8 /* Ruminders.xcdatamodel */;
			path = Ruminders.xcdatamodeld;
			sourceTree = "<group>";
			versionGroupType = wrapper.xcdatamodel;
		};
/* End XCVersionGroup section */
	};
	rootObject = 772FEABA27215937006C1FE8 /* Project object */;
}
